
Microsoft Visual Studio Solution File, Format Version 12.00
# Visual Studio Version 17
VisualStudioVersion = 17.2.32602.215
MinimumVisualStudioVersion = 10.0.40219.1
Project("{FAE04EC0-301F-11D3-BF4B-00C04F79EFBC}") = "LotusEditor", "LotusEditor\LotusEditor.csproj", "{9AEE8D99-BDC1-4AB6-95E6-349C6A780E22}"
EndProject
Project("{8BC9CEB8-8B4A-11D0-8D11-00A0C91BC942}") = "Engine", "Engine\Engine.vcxproj", "{DF00639A-00E7-423E-86F6-23DA2824B5F3}"
EndProject
Global
	GlobalSection(SolutionConfigurationPlatforms) = preSolution
		Debug|x64 = Debug|x64
		Release|x64 = Release|x64
	EndGlobalSection
	GlobalSection(ProjectConfigurationPlatforms) = postSolution
		{DF00639A-00E7-423E-86F6-23DA2824B5F3}.Debug|x64.ActiveCfg = Debug|x64
		{DF00639A-00E7-423E-86F6-23DA2824B5F3}.Debug|x64.Build.0 = Debug|x64
		{DF00639A-00E7-423E-86F6-23DA2824B5F3}.Release|x64.ActiveCfg = Release|x64
		{DF00639A-00E7-423E-86F6-23DA2824B5F3}.Release|x64.Build.0 = Release|x64
		{9AEE8D99-BDC1-4AB6-95E6-349C6A780E22}.Debug|x64.ActiveCfg = Debug|Any CPU
		{9AEE8D99-BDC1-4AB6-95E6-349C6A780E22}.Debug|x64.Build.0 = Debug|Any CPU
		{9AEE8D99-BDC1-4AB6-95E6-349C6A780E22}.Release|x64.ActiveCfg = Release|Any CPU
		{9AEE8D99-BDC1-4AB6-95E6-349C6A780E22}.Release|x64.Build.0 = Release|Any CPU
	EndGlobalSection
	GlobalSection(SolutionProperties) = preSolution
		HideSolutionNode = FALSE
	EndGlobalSection
	GlobalSection(ExtensibilityGlobals) = postSolution
		SolutionGuid = {26FD20CF-FEE4-47BD-84D5-E1BCB3546E86}
	EndGlobalSection
EndGlobal
